{
  "edition": "2026",
  "nodes": {
    "ArrayGain": {
      "outputs": {
        "element_gain_dbi": {
          "hash": "sha256:3a259cbefe7518a8919faa0f1129d4f2536abea0eb52efbd6729f64205c61f86",
          "unc": {
            "kind": "abs",
            "value": 0.222764
          },
          "unit": "dBi",
          "value": 46.2714
        },
        "g_array_dbi": {
          "hash": "sha256:56e1a2455fc8c0bfee00f8bf3a85178677236832f74d8917b62bd7abd46fc289",
          "unc": {
            "kind": "abs",
            "value": 0.372764
          },
          "unit": "dBi",
          "value": 48.9817
        },
        "hpbw": {
          "hash": "sha256:53b5155b4742bd3baa946aa3274d02947d7a32ee1b73e30a4768821b7c95e6d7",
          "unit": "deg",
          "value": 0.828074
        }
      },
      "parts": {
        "core": "sha256:0a66a17d7dd7f45aab07244d9d59842d67347ded9809f541203b82e35f2f1c54",
        "def": "sha256:63b2d6d7d9f9c478b7a5a8f9ab02596bce04fc3815d71554d7fbb0bed09048ac",
        "inputs": {
          "diameter": "sha256:00931612f679c6066867e8354b6f7f64c42177a842cc2d8f72ef1337a7af997a",
          "efficiency": "sha256:123e599e14e4cfafe2eb9a5c2e4897ed537968011cc70214370c687fa12c68d7",
          "freq": "sha256:9b3b516a274e34e85b10a21702a50419e531870b95e06ca9bf9e6a190b9caa14",
          "surface_rms": "sha256:3d7a99de26fb50a2a4f5b837fcc24f4b7d70fd33d0ed34f044cc0017e171da29"
        },
        "tools": "sha256:b5ab31554771d16d49fa23ffbc864c474696a68763e1fee430513f39ce33af3a"
      },
      "recipe": "sha256:ebc798bf55c72a537c1a16748958674ccb2d441958c4c159a43836b0b3f69b53",
      "run": {
        "engine": "expr",
        "seed": 0,
        "tools": {
          "edition": "2026",
          "python": "3.11.15",
          "uel": "0.2.0"
        },
        "ts": "2026-08-05T01:18:43Z",
        "wall_s": 9.1e-05
      },
      "status": "fresh"
    },
    "ElementNoise": {
      "outputs": {
        "t_sys": {
          "hash": "sha256:c386f6e42cbb0adb4afd441478945a7426c1639afaae9373864c5263dad95057",
          "unc": {
            "kind": "abs",
            "value": 31.9098
          },
          "unit": "K",
          "value": 122.955
        }
      },
      "parts": {
        "core": "sha256:c191027cf43be0c75c3ca5c129ade2d7244658be6e8cfddf734bb3c55de35910",
        "def": "sha256:89348b0ef75154b4f51f434f1c9d2467612444f89b2042f27e7c1ac8abe70119",
        "inputs": {
          "feed_loss_db": "sha256:5100f0380afcd12142a1cadca4d1b6e96d00e52643a2b3f89f6c0283d634d68c",
          "lna_noise_temp": "sha256:c1e2df4da8736641f3eca3036c2519d4ae1ce8f55a4fc9020f2d3d5944f79182",
          "min_elevation": "sha256:20b5e33319f599a183f6ee22ac34d4e8cffedf2ac57c8f9d63f8c3133ad55d5e"
        },
        "tools": "sha256:b5ab31554771d16d49fa23ffbc864c474696a68763e1fee430513f39ce33af3a"
      },
      "recipe": "sha256:ae81ea1e856897cf0275b2c6cc7caf63657605fbb8b18797cc1f5b571a871bf3",
      "run": {
        "engine": "expr",
        "seed": 0,
        "tools": {
          "edition": "2026",
          "python": "3.11.15",
          "uel": "0.2.0"
        },
        "ts": "2026-08-05T01:18:43Z",
        "wall_s": 4.1e-05
      },
      "status": "fresh"
    },
    "GtArray": {
      "outputs": {
        "g_over_t_dbk": {
          "hash": "sha256:fb9986703dc62a833de970cbb402b55f830341c2563501258332c0bacffa9d10",
          "unc": {
            "kind": "abs",
            "value": 1.77766
          },
          "unit": "dB/K",
          "value": 27.6842
        }
      },
      "parts": {
        "core": "sha256:cb2ccc148544ddaa5fd1b92684a83ddfc1d01f627a51bb6eb5d8670a2381031c",
        "def": "sha256:3c543ff24533c610ceace1fedbdbe36b176cd77bcf3753ab1b802d2f5b67571e",
        "inputs": {
          "feed_loss_db": "sha256:5100f0380afcd12142a1cadca4d1b6e96d00e52643a2b3f89f6c0283d634d68c",
          "g_array_dbi": "sha256:56e1a2455fc8c0bfee00f8bf3a85178677236832f74d8917b62bd7abd46fc289",
          "t_sys": "sha256:c386f6e42cbb0adb4afd441478945a7426c1639afaae9373864c5263dad95057"
        },
        "tools": "sha256:b5ab31554771d16d49fa23ffbc864c474696a68763e1fee430513f39ce33af3a"
      },
      "recipe": "sha256:117b2d4dcca9b7e40793e6d7ab62dcf24d2b565290ffdf3bb57752b2407acae2",
      "run": {
        "engine": "expr",
        "seed": 0,
        "tools": {
          "edition": "2026",
          "python": "3.11.15",
          "uel": "0.2.0"
        },
        "ts": "2026-08-05T01:18:43Z",
        "wall_s": 1.1e-05
      },
      "status": "fresh"
    },
    "LinkMargin": {
      "outputs": {
        "cn0_dbhz": {
          "hash": "sha256:cbcc73959a744551abd80bfb802b43595cefe5c91785183d80a34f41c3a8b4e9",
          "unc": {
            "kind": "abs",
            "value": 1.93358
          },
          "unit": "dBHz",
          "value": 41.8464
        },
        "ebn0_db": {
          "hash": "sha256:5835d7db06ed7b9ed90addde8d50c20505762554e5092b5066161f35592934ab",
          "unc": {
            "kind": "abs",
            "value": 1.93358
          },
          "unit": "dB",
          "value": 7.33605
        },
        "margin_db": {
          "hash": "sha256:e42e556d453834707becf5ee160a728f8db464fdaab6efcc384c78235368057d",
          "unc": {
            "kind": "abs",
            "value": 1.93358
          },
          "unit": "dB",
          "value": 3.33605
        }
      },
      "parts": {
        "core": "sha256:a190b4ad9744c0abe5895e1e87a0de173d69f0d19130fbee75ad81c3e399ab42",
        "def": "sha256:1e1d074d50f09e59877b8a7d16e6bfe54986fba27dd3caa04f1cef5f44ae32de",
        "inputs": {
          "atm_loss_db": "sha256:deed9ccf7ff35aa724a3c8c21956496ca5abe932880c68d7fd347ec1c9abb6c1",
          "data_rate": "sha256:072128b36f0fc70c33dc624610ee6d01b3b45c9b58bfe42c48c7fed1d9a17f69",
          "eirp_dbw": "sha256:29056d3177ae34a5e51267606e0e63ea1005c893b3a6c43d81b56b5f0d604255",
          "freq": "sha256:9b3b516a274e34e85b10a21702a50419e531870b95e06ca9bf9e6a190b9caa14",
          "g_over_t_dbk": "sha256:fb9986703dc62a833de970cbb402b55f830341c2563501258332c0bacffa9d10",
          "impl_loss_db": "sha256:45240d64a281395adbc38e5e26fe73d3d016a8f7cbe11b3ffd915ebefa37ab54",
          "max_range": "sha256:447ae3153eb18764ed71fbaddfee62986029c4b49da9a6d385d774e5a1bff669",
          "pointing_loss_db": "sha256:4ff4447f935cf3b9f14b0d004e449941595fb2aea7fe3c92c70b53ae94c640a2",
          "pol_loss_db": "sha256:deed9ccf7ff35aa724a3c8c21956496ca5abe932880c68d7fd347ec1c9abb6c1",
          "rain_alloc_db": "sha256:a5b9007fe5228ca3f319e35e2813c3fdcb27390e1a80a773643744480783e33a",
          "required_ebn0_db": "sha256:fb016c4d2973cf682c6c61d0b188faa6a22d5b633ffa00910d07b69115866220"
        },
        "tools": "sha256:b5ab31554771d16d49fa23ffbc864c474696a68763e1fee430513f39ce33af3a"
      },
      "recipe": "sha256:3217d16f1a8c628f6ea6e34ce70e35de00475c30b2cc5cc157d04af1065ec3c4",
      "run": {
        "engine": "expr",
        "seed": 0,
        "tools": {
          "edition": "2026",
          "python": "3.11.15",
          "uel": "0.2.0"
        },
        "ts": "2026-08-05T01:18:43Z",
        "wall_s": 4.7e-05
      },
      "status": "fresh"
    },
    "PowerBudget": {
      "outputs": {
        "peak_draw": {
          "hash": "sha256:5a8a29aee212e1ab414730bff26262721fc360056e57732349d1879ac8342f81",
          "unc": {
            "kind": "abs",
            "value": 87.2
          },
          "unit": "W",
          "value": 1050.0
        },
        "supply_margin": {
          "hash": "sha256:e68986805d54606501db84aa148ef38af623e4eb4fcb7aa352df5c82c2967c2b",
          "unc": {
            "kind": "abs",
            "value": 87.2
          },
          "unit": "W",
          "value": 1950.0
        },
        "total_continuous_draw": {
          "hash": "sha256:06e636164be59d6a939f368f4cd635757ffe33ad5b92fc74731ed193fe031f8f",
          "unc": {
            "kind": "abs",
            "value": 61.1
          },
          "unit": "W",
          "value": 495.0
        }
      },
      "parts": {
        "core": "sha256:27381f36e2b0681bcb534d13b93e0c358cb7a553e059347ecbf3ef2dd47473e1",
        "def": "sha256:c1a85daf2d4ffa8710cb858ea0cc80f5d8bf9b79ab905590804f528a1acceb3d",
        "inputs": {
          "chain_dc_draw": "sha256:008741bd221183b2c5244f8aa2847515d21af5a1f8b8352c5fd028a0e9efb1c5",
          "max_feed": "sha256:edd1ed736985542b1aef773c5974553b549dedf1655063e94da220ff57d2088d",
          "server_draw": "sha256:21efbcd54769a2bb931360043337a00959aef39ff224076260502b1b2e84b12f"
        },
        "tools": "sha256:b5ab31554771d16d49fa23ffbc864c474696a68763e1fee430513f39ce33af3a"
      },
      "recipe": "sha256:6b2cc78c1e9d5c443011ae42a8bf27acfbcd6ffd7db95eb8353792043bd19333",
      "run": {
        "seed": 0,
        "tools": {
          "edition": "2026",
          "python": "3.11.15",
          "uel": "0.2.0"
        },
        "ts": "2026-08-05T01:18:43Z",
        "wall_s": 0.023
      },
      "status": "fresh"
    },
    "SteptrackPointing": {
      "outputs": {
        "pointing_loss_db": {
          "hash": "sha256:4ff4447f935cf3b9f14b0d004e449941595fb2aea7fe3c92c70b53ae94c640a2",
          "unc": {
            "kind": "abs",
            "value": 0.155915
          },
          "unit": "dB",
          "value": 0.204989
        },
        "total_pointing_error": {
          "hash": "sha256:a0abfb4677f28fe870a3e82425db08e197f99438f7093964fd95c6d9cee126e5",
          "unc": {
            "kind": "abs",
            "value": 0.0353776
          },
          "unit": "deg",
          "value": 0.108229
        }
      },
      "parts": {
        "core": "sha256:caec01f93f5687c5829d01287ac7c01bce3283b94499e4a3b461acb609fc3afc",
        "def": "sha256:06a33a0c66693e9b0d78208f13e6bd72631d98e89b21ab7f49478d004abd1a0b",
        "inputs": {
          "backlash": "sha256:66432cd6a1cd3c7eaddb641754a5fe5f1de7a90172df4b35fe738ed7e11a408e",
          "hpbw": "sha256:53b5155b4742bd3baa946aa3274d02947d7a32ee1b73e30a4768821b7c95e6d7",
          "track_rate": "sha256:f7354bcb92449796eebcc1affe3d0143a4327e3ec797dd5bc51bb8902acc4be3",
          "wind_full_track": "sha256:21addfff6405785c3ef42415658329d15f2650988fcd95e6a2af36faf25de9f0"
        },
        "tools": "sha256:b5ab31554771d16d49fa23ffbc864c474696a68763e1fee430513f39ce33af3a"
      },
      "recipe": "sha256:5608ef206e648f194218728189feaf86174e67ec1ee16d0afba6c3111dbcb301",
      "run": {
        "engine": "expr",
        "seed": 0,
        "tools": {
          "edition": "2026",
          "python": "3.11.15",
          "uel": "0.2.0"
        },
        "ts": "2026-08-05T01:18:43Z",
        "wall_s": 4.1e-05
      },
      "status": "fresh"
    },
    "UpsRideThrough": {
      "outputs": {
        "ride_through_time": {
          "hash": "sha256:d0bc1866f87f0a270c9284904453dde10c963c132dd10167ae231a813a3260ae",
          "unc": {
            "kind": "rel",
            "value": 0.15
          },
          "unit": "min",
          "value": 55.4
        }
      },
      "parts": {
        "core": "sha256:4516ef9ee1526e1d27e70690f01c19182d3afb231692cf6c574fec98ba38ea57",
        "def": "sha256:f48cb10bbbb26bbe0de933b3e11141862f65d9d48230c834f359b4b82137370f",
        "inputs": {
          "capacity": "sha256:fdfbe9a141df4f35dcea412cb4448be4bf3d51bca5d67d25533ff5ff16f8c72e",
          "chain_dc_draw": "sha256:008741bd221183b2c5244f8aa2847515d21af5a1f8b8352c5fd028a0e9efb1c5",
          "min_ride": "sha256:2f48cbb5f2d6b51caf3cac79fe651eb4d9d4d50032bc4b242858baedc0410253",
          "server_draw": "sha256:21efbcd54769a2bb931360043337a00959aef39ff224076260502b1b2e84b12f"
        },
        "tools": "sha256:b5ab31554771d16d49fa23ffbc864c474696a68763e1fee430513f39ce33af3a"
      },
      "recipe": "sha256:7e2231c06bbe05419d8946863b9e74463bbbc00694353b377be1dd1756f27d3f",
      "run": {
        "seed": 0,
        "tools": {
          "edition": "2026",
          "python": "3.11.15",
          "uel": "0.2.0"
        },
        "ts": "2026-08-05T01:18:43Z",
        "wall_s": 0.021
      },
      "status": "fresh"
    },
    "WindLoadsElement": {
      "outputs": {
        "gust_moment_full_track": {
          "hash": "sha256:ac838edc399ec5b69c440420952af4be0ab5b3392e5186d83ffbe1e529ff25a5",
          "unc": {
            "kind": "rel",
            "value": 0.15
          },
          "unit": "kN*m",
          "value": 2.8061
        },
        "gust_moment_operational": {
          "hash": "sha256:a882333269f8fc566a0f7f31c2252dc14b43fa1b49d6bb60ae74cf829ed89284",
          "unc": {
            "kind": "rel",
            "value": 0.15
          },
          "unit": "kN*m",
          "value": 4.9886
        },
        "hold_margin": {
          "hash": "sha256:43908e41677e07160d786a11f3e27ce33d43fba177c9c1aa66eb82d1a87e6229",
          "unc": {
            "kind": "rel",
            "value": 0.15
          },
          "value": 1.203
        },
        "survival_moment": {
          "hash": "sha256:da5514c05d4393f1910c3de46216c9331f5be02e9745ce48431193acd1e6a1bb",
          "unc": {
            "kind": "rel",
            "value": 0.33
          },
          "unit": "kN*m",
          "value": 7.5764
        }
      },
      "parts": {
        "core": "sha256:a60660d86eedac7d3095a361abb1870fcf460b7614e8d08b4c88f34c399f81e9",
        "def": "sha256:4b1225e27b12d52621affe0d5328592da30626951287afe31ce5d3ae0fbc970c",
        "inputs": {
          "hold_torque": "sha256:2a36c9010777e915243ff2c411aa1346a0b2637753926627e69bcf529c166df6",
          "wind_full_track": "sha256:21addfff6405785c3ef42415658329d15f2650988fcd95e6a2af36faf25de9f0",
          "wind_operational": "sha256:7b20462d439998fcdeb8b2898fffd9e22aeefbb34bd976094e963a03710d7e79",
          "wind_survival": "sha256:462d67415106ec3132ae7674c988ce55b68dd7398108f6bd4d3febdb2354e1c6"
        },
        "tools": "sha256:b5ab31554771d16d49fa23ffbc864c474696a68763e1fee430513f39ce33af3a"
      },
      "recipe": "sha256:832b406b7f53d026e1a678362ae11d03dbe914e91bd99555ee716d3e7cd04e14",
      "run": {
        "seed": 0,
        "tools": {
          "edition": "2026",
          "python": "3.11.15",
          "uel": "0.2.0"
        },
        "ts": "2026-08-05T01:18:43Z",
        "wall_s": 0.022
      },
      "status": "fresh"
    }
  },
  "tools": {
    "edition": "2026",
    "python": "3.11.15",
    "uel": "0.2.0"
  },
  "uel_lock": "0.1"
}
