{
  "edition": "2026",
  "nodes": {
    "AntennaGain": {
      "outputs": {
        "gain_dbi": {
          "hash": "sha256:1ebb65da359696262dfd9918f5032f104960e9fcbcb7d50532fe16a8c6af9e8f",
          "unc": {
            "kind": "abs",
            "value": 0.222764
          },
          "unit": "dBi",
          "value": 50.6484
        },
        "hpbw": {
          "hash": "sha256:c0488890e5d39e980a4c94eca647b53492c58dddd776c73b14175c3b583e8cc0",
          "unit": "deg",
          "value": 0.496845
        }
      },
      "parts": {
        "core": "sha256:f0ebd0eff1695dccc0e41367d34c1d904535f698bccb391b533d07357818a7a5",
        "def": "sha256:838b6d7ef35de8e873a74a0239597282932d0d8971ea47996f2ed32dbf54f987",
        "inputs": {
          "diameter": "sha256:c8996ed71ec932f613347e164f3bc701485ea3c691063b4f18de907cdbe24e23",
          "efficiency": "sha256:123e599e14e4cfafe2eb9a5c2e4897ed537968011cc70214370c687fa12c68d7",
          "freq": "sha256:9b3b516a274e34e85b10a21702a50419e531870b95e06ca9bf9e6a190b9caa14",
          "surface_rms": "sha256:16f7e9ed03d14d6756679113b2ec1a672a181e815a769e9b0f6b01647f36c9d6"
        },
        "tools": "sha256:0d05a145860373381e6f370df73fb21d5f1e2d70ea5990e14c1b7d872c53a202"
      },
      "recipe": "sha256:dbd1229e0e8b13365d2e8ce40cd5f05f356b8abeb1100b5c29bf3f24757c9867",
      "run": {
        "engine": "expr",
        "seed": 0,
        "tools": {
          "edition": "2026",
          "python": "3.11.15",
          "uel": "0.5.0"
        },
        "ts": "2026-08-05T05:03:25Z",
        "wall_s": 9.4e-05
      },
      "status": "fresh"
    },
    "EnclosureThermal": {
      "outputs": {
        "heater_duty": {
          "hash": "sha256:8ae654bb818b86ccac1f692b31443b87f75c4a14218b30765ccc51203b9a81f1",
          "unc": {
            "kind": "abs",
            "value": 0.06
          },
          "value": 0.3
        },
        "lna_physical_temp": {
          "hash": "sha256:0c95baeba8c1149ab960a0bfd04c4bf492c7181d8a3290991c77611eddc9e6ca",
          "unc": {
            "kind": "abs",
            "value": 4.29
          },
          "unit": "degC",
          "value": 31.670000000000016
        }
      },
      "parts": {
        "core": "sha256:cc8fd9a84afcf74b8b9eced74cc8eab8f1eb2917b8fc7da151b132e269005989",
        "def": "sha256:05555839e1e1b3c740fa3b002a7d6491a9f8d569648411ce28847b02d95cac8b",
        "inputs": {
          "heater_power": "sha256:7a0fd9ed3d0dd4453b7d4fcc0796587773b96ba56dd6b2dd675be5f3c0486f0e",
          "t_amb_max": "sha256:893855c9a1b075ab36752d0ca89ba466852e52b530c71816b41e541315ea4f70",
          "t_amb_min": "sha256:058a4a9ce5d6b2a11919c766befd3c41233063ff4bb8c0d297e0046f1c9368b2"
        },
        "tools": "sha256:0d05a145860373381e6f370df73fb21d5f1e2d70ea5990e14c1b7d872c53a202"
      },
      "recipe": "sha256:7c14d0fe38190aedb3e051e1212231efd72f83c6228dc583f3053d8ec4751641",
      "run": {
        "seed": 0,
        "tools": {
          "edition": "2026",
          "python": "3.11.15",
          "uel": "0.5.0"
        },
        "ts": "2026-08-05T05:03:25Z",
        "verify": [
          {
            "contract": "verify case \"test/verify_enclosure_hotcase.json\"",
            "detail": "2 expected output(s) reproduced",
            "ok": true
          }
        ],
        "wall_s": 0.026
      },
      "status": "fresh"
    },
    "GtAnalysis": {
      "outputs": {
        "g_over_t_dbk": {
          "hash": "sha256:c26142602903543c063f358d935142c613dfcb719f7b781fa6b27dbe3866ca6d",
          "unc": {
            "kind": "abs",
            "value": 1.30609
          },
          "unit": "dB/K",
          "value": 29.5923
        }
      },
      "parts": {
        "core": "sha256:1207c54eec22eacff9128697344ca4b1ffb677ead68f2d1d71d2932491c99f86",
        "def": "sha256:e7761424d12b4ba6fdd40bdb7ebab87706966379f1097d356f36048b2febbd28",
        "inputs": {
          "feed_loss_db": "sha256:e072be279ae9493018174b80b55e89e810c18a19acff69a24a35c7a480c8ef03",
          "gain_dbi": "sha256:1ebb65da359696262dfd9918f5032f104960e9fcbcb7d50532fe16a8c6af9e8f",
          "t_sys": "sha256:401315f714bef455d46b2639bc8e4dcb6724b10bb0cd42b701b4c7236bf0520f"
        },
        "tools": "sha256:0d05a145860373381e6f370df73fb21d5f1e2d70ea5990e14c1b7d872c53a202"
      },
      "recipe": "sha256:5441e16d172dd70c19a1120fc786add6c55bbca27dc30a1a0bc1ecde22cbae06",
      "run": {
        "engine": "expr",
        "seed": 0,
        "tools": {
          "edition": "2026",
          "python": "3.11.15",
          "uel": "0.5.0"
        },
        "ts": "2026-08-05T05:03:25Z",
        "wall_s": 0.000102
      },
      "status": "fresh"
    },
    "LinkMargin": {
      "outputs": {
        "cn0_dbhz": {
          "hash": "sha256:1648c11a81e689b5b5aceb7d088bf89220c1869ef923d2cf36f08de465adba69",
          "unc": {
            "kind": "abs",
            "value": 1.35155
          },
          "unit": "dBHz",
          "value": 43.8854
        },
        "ebn0_db": {
          "hash": "sha256:bbecf92b341cc77590785015709ef02e2c5e09f9113255c10e8dcb3e26977181",
          "unc": {
            "kind": "abs",
            "value": 1.35155
          },
          "unit": "dB",
          "value": 9.37513
        },
        "margin_db": {
          "hash": "sha256:5d3a413e16aec02a8a65c190e5a670c09f19c09ba3508e6f5cc5e2966f55e549",
          "unc": {
            "kind": "abs",
            "value": 1.35155
          },
          "unit": "dB",
          "value": 5.37513
        }
      },
      "parts": {
        "core": "sha256:a190b4ad9744c0abe5895e1e87a0de173d69f0d19130fbee75ad81c3e399ab42",
        "def": "sha256:34f13e84ae5f5479ad2c401f208e770d32065f0afb7cd78ee607e3fc4cecdb81",
        "inputs": {
          "atm_loss_db": "sha256:deed9ccf7ff35aa724a3c8c21956496ca5abe932880c68d7fd347ec1c9abb6c1",
          "data_rate": "sha256:072128b36f0fc70c33dc624610ee6d01b3b45c9b58bfe42c48c7fed1d9a17f69",
          "eirp_dbw": "sha256:29056d3177ae34a5e51267606e0e63ea1005c893b3a6c43d81b56b5f0d604255",
          "freq": "sha256:9b3b516a274e34e85b10a21702a50419e531870b95e06ca9bf9e6a190b9caa14",
          "g_over_t_dbk": "sha256:c26142602903543c063f358d935142c613dfcb719f7b781fa6b27dbe3866ca6d",
          "impl_loss_db": "sha256:45240d64a281395adbc38e5e26fe73d3d016a8f7cbe11b3ffd915ebefa37ab54",
          "max_range": "sha256:447ae3153eb18764ed71fbaddfee62986029c4b49da9a6d385d774e5a1bff669",
          "pointing_loss_db": "sha256:d2244df1225c295a5e486160060305bb954a84d512ae33add163e0f002d86b55",
          "pol_loss_db": "sha256:deed9ccf7ff35aa724a3c8c21956496ca5abe932880c68d7fd347ec1c9abb6c1",
          "rain_alloc_db": "sha256:a5b9007fe5228ca3f319e35e2813c3fdcb27390e1a80a773643744480783e33a",
          "required_ebn0_db": "sha256:fb016c4d2973cf682c6c61d0b188faa6a22d5b633ffa00910d07b69115866220"
        },
        "tools": "sha256:0d05a145860373381e6f370df73fb21d5f1e2d70ea5990e14c1b7d872c53a202"
      },
      "recipe": "sha256:6223131b8ee97b046e38eb297500869cbc9a9d8206ec5697c78b453b2bf6463c",
      "run": {
        "engine": "expr",
        "seed": 0,
        "tools": {
          "edition": "2026",
          "python": "3.11.15",
          "uel": "0.5.0"
        },
        "ts": "2026-08-05T05:03:25Z",
        "wall_s": 6.1e-05
      },
      "status": "fresh"
    },
    "PedestalModes": {
      "outputs": {
        "first_locked_rotor_mode": {
          "hash": "sha256:3e3bd5b1e1b14e7250af3e68190b7ea71cb6a663369d7b3d93c34937e13c94ca",
          "unc": {
            "kind": "rel",
            "value": 0.12
          },
          "unit": "Hz",
          "value": 24.692
        },
        "inertia": {
          "hash": "sha256:af38f3643c7b587d2d7abb3e8747bae84d47cc2dbf03426e3b445cc5a9d8dc20",
          "unc": {
            "kind": "rel",
            "value": 0.14
          },
          "unit": "kg*m^2",
          "value": 3531.5
        }
      },
      "parts": {
        "core": "sha256:4a90a06dbda6d93b9c74a8cfc1888029b84082a80640df7e5144a5bdeb7dc764",
        "def": "sha256:f14e30bbdfc0ffc2b11865741857d95298130b6779bb1ce74c9131ff8946def2",
        "inputs": {
          "cw_mass": "sha256:d961f56b87c5ba9b22a97598b074cfb64f0ba34e865ca8f1b9f53e44251fe470",
          "dish_mass": "sha256:079574007799aa58854ea52768ed891ea4999d936782ec3a6c57fc5926922968",
          "stiffness": "sha256:e24ff92597d600a9cf23e5253b3df73c7607d7694da8cafb4346fc967b438025"
        },
        "tools": "sha256:0d05a145860373381e6f370df73fb21d5f1e2d70ea5990e14c1b7d872c53a202"
      },
      "recipe": "sha256:daae7f835304dc50f0806bcfd316e4e21e49d0b58c0dda3ad54cb71af6e51a85",
      "run": {
        "seed": 0,
        "tools": {
          "edition": "2026",
          "python": "3.11.15",
          "uel": "0.5.0"
        },
        "ts": "2026-08-05T05:03:25Z",
        "verify": [
          {
            "contract": "verify first_locked_rotor_mode monotone with stiffness rising",
            "detail": "stiffness +4.25e+06 (SI) moved first_locked_rotor_mode 24.692 -> 25.302 (SI); declared rising",
            "ok": true
          }
        ],
        "wall_s": 0.026
      },
      "status": "fresh"
    },
    "PointingBudget": {
      "outputs": {
        "pointing_loss_db": {
          "hash": "sha256:d2244df1225c295a5e486160060305bb954a84d512ae33add163e0f002d86b55",
          "unc": {
            "kind": "abs",
            "value": 0.0454601
          },
          "unit": "dB",
          "value": 0.0740073
        },
        "total_pointing_error": {
          "hash": "sha256:5028b599d80b5a1f71c8c29a960865b665c4b4fbba2cae64fe8e71d101806f97",
          "unc": {
            "kind": "abs",
            "value": 0.0105559
          },
          "unit": "deg",
          "value": 0.0390182
        }
      },
      "parts": {
        "core": "sha256:3f84b1ed97309d6bfaf0e949fec98007e15fbc37b18a2bb21498bc22f9da026c",
        "def": "sha256:dab621019fa20e104532948e786e1e4dfaa7c26bc81a5568eadbe4556d0322de",
        "inputs": {
          "gust_moment": "sha256:520632da91c7c75c690557d1387cb1fe919b0f0916c51b334bd3126c2f6b5d87",
          "hpbw": "sha256:c0488890e5d39e980a4c94eca647b53492c58dddd776c73b14175c3b583e8cc0",
          "stiffness": "sha256:e24ff92597d600a9cf23e5253b3df73c7607d7694da8cafb4346fc967b438025"
        },
        "tools": "sha256:0d05a145860373381e6f370df73fb21d5f1e2d70ea5990e14c1b7d872c53a202"
      },
      "recipe": "sha256:d6ca19fc16e6832e6881b593bf0d88b90832b7f9de74b4b4371308ccde7901ba",
      "run": {
        "engine": "expr",
        "seed": 0,
        "tools": {
          "edition": "2026",
          "python": "3.11.15",
          "uel": "0.5.0"
        },
        "ts": "2026-08-05T05:03:25Z",
        "wall_s": 6.4e-05
      },
      "status": "fresh"
    },
    "PowerBudget": {
      "outputs": {
        "peak_draw": {
          "hash": "sha256:371c2393d11cb2796a4989c082b17ee61682448b22ef0b8fdbec912b1bbe4c3c",
          "unc": {
            "kind": "abs",
            "value": 571.5
          },
          "unit": "W",
          "value": 5274.3
        },
        "supply_margin": {
          "hash": "sha256:6918298447fb9f8429ff91fbe5a4674c986062e00209c2b77ecc2ee3654c138c",
          "unc": {
            "kind": "abs",
            "value": 685.9
          },
          "unit": "W",
          "value": 1670.8
        },
        "total_continuous_draw": {
          "hash": "sha256:3daa1779d4c2f4bcd16e3947f82da848835cde5f782bf4e485af65625c43d2a6",
          "unc": {
            "kind": "abs",
            "value": 102.4
          },
          "unit": "W",
          "value": 1200.0
        }
      },
      "parts": {
        "core": "sha256:0c098069b86df4cc1fc4c2d660882fb3f761b8a98a3434920fc1d084465d245b",
        "def": "sha256:98b99de74694775ba3039925fb9206e2a6104e0fbb6c6fc25fe3f6735fb922eb",
        "inputs": {
          "heater_power": "sha256:7a0fd9ed3d0dd4453b7d4fcc0796587773b96ba56dd6b2dd675be5f3c0486f0e",
          "max_feed": "sha256:535cbe18d78c692fb6fdaaffe0ab9a9a3736c462c7d06a592223f7c51e2cb48e",
          "peak_drive_power": "sha256:46cc940463ddd04031861ca16bc146fa10fa1defbfb6bdd65e0f3a9e49dd3d81",
          "rf_chain_dc": "sha256:9771b4ef85517d42feeae465e0a3f953e494ea421183baa04a679c203b2e2cd7",
          "server_draw": "sha256:29c0a0b438dcd2ae19437b3327eeaaa815c213c91bffd5deceee961ecd1390d7"
        },
        "tools": "sha256:0d05a145860373381e6f370df73fb21d5f1e2d70ea5990e14c1b7d872c53a202"
      },
      "recipe": "sha256:5369bb876e7ea7f5355f2b9658f926bc8cad398ed43697d51879d90030f2a6e6",
      "run": {
        "seed": 0,
        "tools": {
          "edition": "2026",
          "python": "3.11.15",
          "uel": "0.5.0"
        },
        "ts": "2026-08-05T05:03:25Z",
        "wall_s": 0.023
      },
      "status": "fresh"
    },
    "ServoBandwidth": {
      "outputs": {
        "tracking_margin": {
          "hash": "sha256:3ea8d4f8f0ead04870c025135f30a605e687c6f4818965f8ddb88be5d6dbb358",
          "unc": {
            "kind": "rel",
            "value": 0.16
          },
          "value": 164.6
        },
        "usable_bandwidth": {
          "hash": "sha256:0844decba781258b8faa101480696664da581f1895d618b0b3a98bf2cc76be07",
          "unc": {
            "kind": "rel",
            "value": 0.16
          },
          "unit": "Hz",
          "value": 8.231
        }
      },
      "parts": {
        "core": "sha256:2647895b10f03d29b4eb86150a2082bd50848eb5d7aa9e262ba8804880b14790",
        "def": "sha256:a35eb4d20cf29cb0514a609f4a3c4cea69779fee5178b531ee1695ca76c9a1fb",
        "inputs": {
          "f1": "sha256:3e3bd5b1e1b14e7250af3e68190b7ea71cb6a663369d7b3d93c34937e13c94ca"
        },
        "tools": "sha256:0d05a145860373381e6f370df73fb21d5f1e2d70ea5990e14c1b7d872c53a202"
      },
      "recipe": "sha256:e0d2e5631dd81ce25ea8733a33ee7fffe061385d3c30aec0963379cc83e094dd",
      "run": {
        "seed": 0,
        "tools": {
          "edition": "2026",
          "python": "3.11.15",
          "uel": "0.5.0"
        },
        "ts": "2026-08-05T05:03:25Z",
        "wall_s": 0.023
      },
      "status": "fresh"
    },
    "ServoSizing": {
      "outputs": {
        "peak_drive_power": {
          "hash": "sha256:46cc940463ddd04031861ca16bc146fa10fa1defbfb6bdd65e0f3a9e49dd3d81",
          "unc": {
            "kind": "rel",
            "value": 0.16
          },
          "unit": "W",
          "value": 3514.3
        },
        "peak_torque": {
          "hash": "sha256:e9faacb04db402d7d56d0cc6442ad8bf523367ba1fc9a7dbc9368236d2475a94",
          "unc": {
            "kind": "rel",
            "value": 0.15
          },
          "unit": "kN*m",
          "value": 30.202900000000003
        }
      },
      "parts": {
        "core": "sha256:ab6a4b317f170456750d24247dd07d62ae59ef62828f609afa2bb9f438718993",
        "def": "sha256:4aa2bd7f858b9229990c837d3d51438ba9bdbbfcf3cfac91e7ab66ba7c14be74",
        "inputs": {
          "gust_moment": "sha256:520632da91c7c75c690557d1387cb1fe919b0f0916c51b334bd3126c2f6b5d87",
          "rotating_inertia": "sha256:af38f3643c7b587d2d7abb3e8747bae84d47cc2dbf03426e3b445cc5a9d8dc20",
          "track_rate": "sha256:f7354bcb92449796eebcc1affe3d0143a4327e3ec797dd5bc51bb8902acc4be3"
        },
        "tools": "sha256:0d05a145860373381e6f370df73fb21d5f1e2d70ea5990e14c1b7d872c53a202"
      },
      "recipe": "sha256:3c786b5e58c83cef26c2041f0b3bfed33455cd451f0816220e01ce1de6ddfa87",
      "run": {
        "seed": 0,
        "tools": {
          "edition": "2026",
          "python": "3.11.15",
          "uel": "0.5.0"
        },
        "ts": "2026-08-05T05:03:25Z",
        "wall_s": 0.024
      },
      "status": "fresh"
    },
    "SystemNoise": {
      "outputs": {
        "t_sys": {
          "hash": "sha256:401315f714bef455d46b2639bc8e4dcb6724b10bb0cd42b701b4c7236bf0520f",
          "unc": {
            "kind": "abs",
            "value": 25.2014
          },
          "unit": "K",
          "value": 119.018
        }
      },
      "parts": {
        "core": "sha256:91953453cac9ceb8dd145d9bcab5935eee41d06540f6bfa578a009e126e40175",
        "def": "sha256:ff19ad36d3b7db3c7c927b200c2f81b500d239162c1eb4bc83b8fa7e19187f78",
        "inputs": {
          "feed_loss_db": "sha256:e072be279ae9493018174b80b55e89e810c18a19acff69a24a35c7a480c8ef03",
          "lna_noise_temp": "sha256:ea4363852f63755d0c3ea59c66244fca473fd36b4a4c69a7eaa0018d36a390ab",
          "lna_physical_temp": "sha256:0c95baeba8c1149ab960a0bfd04c4bf492c7181d8a3290991c77611eddc9e6ca",
          "min_elevation": "sha256:20b5e33319f599a183f6ee22ac34d4e8cffedf2ac57c8f9d63f8c3133ad55d5e"
        },
        "tools": "sha256:0d05a145860373381e6f370df73fb21d5f1e2d70ea5990e14c1b7d872c53a202"
      },
      "recipe": "sha256:9a33f4d1b06cb408379bd0a243ad735ff03d2991199b593b3c188e6ca68ad2da",
      "run": {
        "engine": "expr",
        "seed": 0,
        "tools": {
          "edition": "2026",
          "python": "3.11.15",
          "uel": "0.5.0"
        },
        "ts": "2026-08-05T05:03:25Z",
        "wall_s": 7.8e-05
      },
      "status": "fresh"
    },
    "UpsRideThrough": {
      "outputs": {
        "ride_through_time": {
          "hash": "sha256:f5ff499d7aeb4613aeef22b10f5a2b0cd8bc5f36eaf8d453815adb7bd664f42c",
          "unc": {
            "kind": "rel",
            "value": 0.1387
          },
          "unit": "min",
          "value": 76.235
        }
      },
      "parts": {
        "core": "sha256:c821b2c5ae71c4cefe89a6211b1d628e02847ef1d2685cea7ac774c6674608d8",
        "def": "sha256:c63cad88da78b9d4981c13756563a745f5c1c5c890beaf678cc856b3743416f5",
        "inputs": {
          "capacity": "sha256:10f2f260012665a884e898b236532e8cfc42beac23043bc581db9cb9771b6fa6",
          "chain_dc_draw": "sha256:9771b4ef85517d42feeae465e0a3f953e494ea421183baa04a679c203b2e2cd7",
          "min_ride": "sha256:2f48cbb5f2d6b51caf3cac79fe651eb4d9d4d50032bc4b242858baedc0410253",
          "server_draw": "sha256:29c0a0b438dcd2ae19437b3327eeaaa815c213c91bffd5deceee961ecd1390d7"
        },
        "tools": "sha256:0d05a145860373381e6f370df73fb21d5f1e2d70ea5990e14c1b7d872c53a202"
      },
      "recipe": "sha256:20095e66b810fb14dc9759044157b83ceadda60a514bab30f86b299703cb1a5e",
      "run": {
        "seed": 0,
        "tools": {
          "edition": "2026",
          "python": "3.11.15",
          "uel": "0.5.0"
        },
        "ts": "2026-08-05T05:03:25Z",
        "wall_s": 0.023
      },
      "status": "fresh"
    },
    "WindLoads": {
      "outputs": {
        "drag_force": {
          "hash": "sha256:678e743eb1eb8b620f851b54f90a6ca7707ce557259de9f8c97ef0cf78c5ba14",
          "unc": {
            "kind": "rel",
            "value": 0.11
          },
          "unit": "kN",
          "value": 6.2537
        },
        "gust_moment": {
          "hash": "sha256:520632da91c7c75c690557d1387cb1fe919b0f0916c51b334bd3126c2f6b5d87",
          "unc": {
            "kind": "rel",
            "value": 0.15
          },
          "unit": "kN*m",
          "value": 30.018
        },
        "overturning_moment": {
          "hash": "sha256:98793ade4fd4050cd1aa7bd8e603e06a0956d1fc2e2f2540ac34229081823385",
          "unc": {
            "kind": "rel",
            "value": 0.15
          },
          "unit": "kN*m",
          "value": 18.7612
        },
        "survival_moment": {
          "hash": "sha256:73fa9f149be884605090d815614b484dc24f4535971495607c3ad3df0f6f398b",
          "unc": {
            "kind": "rel",
            "value": 0.33
          },
          "unit": "kN*m",
          "value": 45.5898
        }
      },
      "parts": {
        "core": "sha256:bac78d12f0d450bddb4e5e32341607415b7ef8247eefe371bc08b6b3dc6676a5",
        "def": "sha256:29798c4697492e58b0eeb8f7f4e433cbb07c6e17a8f42f3707c39b4443c6a32b",
        "inputs": {
          "frontal_area": "sha256:890d8c8217acc9643860fa9d8b10da6b0c73baef08c700e6654bbf5f66668f78",
          "wind_op": "sha256:7b20462d439998fcdeb8b2898fffd9e22aeefbb34bd976094e963a03710d7e79",
          "wind_survival": "sha256:462d67415106ec3132ae7674c988ce55b68dd7398108f6bd4d3febdb2354e1c6"
        },
        "tools": "sha256:0d05a145860373381e6f370df73fb21d5f1e2d70ea5990e14c1b7d872c53a202"
      },
      "recipe": "sha256:cbbd33f0cd7297d9a4ae1d1a9cd049f4645d53070cd918f8a70ca9f95420ec34",
      "run": {
        "seed": 0,
        "tools": {
          "edition": "2026",
          "python": "3.11.15",
          "uel": "0.5.0"
        },
        "ts": "2026-08-05T05:03:25Z",
        "verify": [
          {
            "contract": "verify gust_moment monotone with wind_op rising",
            "detail": "wind_op +1 (SI) moved gust_moment 30018 -> 33094.8 (SI); declared rising",
            "ok": true
          }
        ],
        "wall_s": 0.023
      },
      "status": "fresh"
    },
    "WindLoadsOracle": {
      "outputs": {
        "gust_moment": {
          "hash": "sha256:d73d955e54f04c996c2f2dc6f493438c897ce326b02fbaf38ebd0c0142cf16ff",
          "unit": "kN*m",
          "value": 30.018
        }
      },
      "parts": {
        "core": "sha256:0aa97cbc6124732ee0f19bd772920f8ddb91158b342e0271c3d4a89054d9e453",
        "def": "sha256:dcae95476df3f4355f7ce0d25862e08c2a62804d5ba7e5c33f6d3b1bd430918f",
        "inputs": {
          "frontal_area": "sha256:890d8c8217acc9643860fa9d8b10da6b0c73baef08c700e6654bbf5f66668f78",
          "wind_op": "sha256:7b20462d439998fcdeb8b2898fffd9e22aeefbb34bd976094e963a03710d7e79"
        },
        "tools": "sha256:0d05a145860373381e6f370df73fb21d5f1e2d70ea5990e14c1b7d872c53a202"
      },
      "recipe": "sha256:1d852cbba24f12967878a28ab7e9332b76ddccc19dbdee6c9d8f05ad23385d65",
      "run": {
        "engine": "expr",
        "seed": 0,
        "tools": {
          "edition": "2026",
          "python": "3.11.15",
          "uel": "0.5.0"
        },
        "ts": "2026-08-05T05:03:25Z",
        "wall_s": 2.7e-05
      },
      "status": "fresh"
    },
    "counterweight_bracket_geom": {
      "assertions": [
        {
          "detail": "pocket leaves a 13.0 mm floor under the relief",
          "name": "pocket_floor_positive",
          "passed": true
        },
        {
          "detail": "hole edge to pocket wall 18.25 mm at the worst corner",
          "name": "bolt_pattern_clears_pocket",
          "passed": true
        },
        {
          "detail": "cheeks land fully on the base plate",
          "name": "cheek_footprint_inside_base",
          "passed": true
        },
        {
          "name": "solid_volume_positive",
          "passed": true
        }
      ],
      "features": {
        "loaded_internal_corner_min_fillet": {
          "unit": "mm",
          "value": 6.0
        },
        "min_internal_radius": {
          "unit": "mm",
          "value": 6.0
        },
        "min_wall_thickness": {
          "unit": "mm",
          "value": 13.0
        },
        "sharp_internal_corner_count": {
          "unit": "",
          "value": 0
        },
        "undeclared_undercut_count": {
          "unit": "",
          "value": 0
        }
      },
      "outputs": {
        "mass": {
          "hash": "sha256:9599dc2f36ab1213627f571bc7336ca850a14bd79cdfcc36a06f96c37775625b",
          "unc": {
            "kind": "rel",
            "value": 0.05
          },
          "unit": "kg",
          "value": 4.8559
        },
        "volume": {
          "hash": "sha256:f875179169b8528bab03fb37a4dc3d0827c1905c79da6ed0b10d2993b8f4305a",
          "unit": "mm^3",
          "value": 1798486.1
        }
      },
      "parts": {
        "core": "sha256:23aeeba9494f3127102aca96541b38f53c6236cb899c268598408216971113be",
        "def": "sha256:d753fa17c4113dfdc5cba0a29c8456b2c2133df43a3af6bc16d3f46f333fde52",
        "inputs": {
          "density": "sha256:908d32d9793da7bdccb4860a6f29de13b112f3ddf46f4d5d2b066d53d66c2ba4"
        },
        "tools": "sha256:0d05a145860373381e6f370df73fb21d5f1e2d70ea5990e14c1b7d872c53a202"
      },
      "recipe": "sha256:e24201a4d53680d80733f27bb8e12822c3727cbdbe310c82947bce4e3181c829",
      "run": {
        "seed": 0,
        "tools": {
          "edition": "2026",
          "python": "3.11.15",
          "uel": "0.5.0"
        },
        "ts": "2026-08-05T05:03:25Z",
        "wall_s": 0.025
      },
      "status": "fresh"
    },
    "reflector_geom": {
      "assertions": [
        {
          "detail": "rim depth 781.2 mm over a 5.00 m aperture",
          "name": "paraboloid_closes",
          "passed": true
        },
        {
          "detail": "focus at 2.000 m clears the 0.781 m bowl",
          "name": "prime_focus_above_surface",
          "passed": true
        },
        {
          "detail": "f/D = 0.40, prime-focus feed family",
          "name": "focal_ratio_in_family",
          "passed": true
        }
      ],
      "outputs": {
        "aperture_area": {
          "hash": "sha256:890d8c8217acc9643860fa9d8b10da6b0c73baef08c700e6654bbf5f66668f78",
          "unit": "m^2",
          "value": 19.635
        },
        "focal_length": {
          "hash": "sha256:b2ccf0145c0303b067de36a0213ad26ce386368b1f673d1c9a163a421218058d",
          "unit": "m",
          "value": 2.0
        },
        "frontal_area": {
          "hash": "sha256:890d8c8217acc9643860fa9d8b10da6b0c73baef08c700e6654bbf5f66668f78",
          "unit": "m^2",
          "value": 19.635
        },
        "mass": {
          "hash": "sha256:079574007799aa58854ea52768ed891ea4999d936782ec3a6c57fc5926922968",
          "unc": {
            "kind": "rel",
            "value": 0.12
          },
          "unit": "kg",
          "value": 379.889
        }
      },
      "parts": {
        "core": "sha256:27b7e16707f25cef9f2d45e4e72090b01175ee77d5829e814805f9d9c7577a84",
        "def": "sha256:b1d23a9f2b727d032baac28318e1ed72447bf9aa393f5ef8640e7788e33c787d",
        "inputs": {
          "diameter": "sha256:c8996ed71ec932f613347e164f3bc701485ea3c691063b4f18de907cdbe24e23",
          "focal_ratio": "sha256:fe6965d5ed418afbd7534b5a569663e3e38446a3eb5ac61cb28594a496477e1f"
        },
        "tools": "sha256:0d05a145860373381e6f370df73fb21d5f1e2d70ea5990e14c1b7d872c53a202"
      },
      "recipe": "sha256:8489bbadef009c8d272312b5180cd5bd8d24f1d71c2071dc2e596006046dcf1b",
      "run": {
        "seed": 0,
        "tools": {
          "edition": "2026",
          "python": "3.11.15",
          "uel": "0.5.0"
        },
        "ts": "2026-08-05T05:03:25Z",
        "wall_s": 0.025
      },
      "status": "fresh"
    }
  },
  "tools": {
    "edition": "2026",
    "python": "3.11.15",
    "uel": "0.5.0"
  },
  "uel_lock": "0.1"
}
